
Microsoft Visual Studio Solution File, Format Version 12.00
# Visual Studio Version 17
VisualStudioVersion = 17.12.35417.141
MinimumVisualStudioVersion = 10.0.40219.1
Project("{FAE04EC0-301F-11D3-BF4B-00C04F79EFBC}") = "AccessControl.Api", "AccessControl.Api\AccessControl.Api.csproj", "{E01C5B33-23D8-4AED-8638-984CAD50504F}"
EndProject
Project("{FAE04EC0-301F-11D3-BF4B-00C04F79EFBC}") = "AccessControl.Application", "AccessControl.Application\AccessControl.Application.csproj", "{10707817-6A20-4E94-B13F-B489027CBE8B}"
EndProject
Project("{FAE04EC0-301F-11D3-BF4B-00C04F79EFBC}") = "AccessControl.Domain", "AccessControl.Domain\AccessControl.Domain.csproj", "{5DCD7AEC-8048-4666-9320-21B07C1B0EC9}"
EndProject
Project("{FAE04EC0-301F-11D3-BF4B-00C04F79EFBC}") = "AccessControl.Infra.CrossCutting", "AccessControl.Infra.Crosscutting\AccessControl.Infra.CrossCutting.csproj", "{E48BDC18-98AB-40E6-B912-340450F46952}"
EndProject
Project("{FAE04EC0-301F-11D3-BF4B-00C04F79EFBC}") = "AccessControl.ORM", "AccessControl.Infra.Data\AccessControl.ORM.csproj", "{E12B9FCA-4316-4D66-97E6-985F6AB77484}"
EndProject
Project("{2150E333-8FDC-42A3-9474-1A3956D46DE8}") = "backend", "backend", "{02EA681E-C7D8-13C7-8484-4AC65E1B71E8}"
EndProject
Project("{2150E333-8FDC-42A3-9474-1A3956D46DE8}") = "Tests", "Tests", "{03D0DC04-7028-4F81-8B77-EA045BCA3D32}"
EndProject
Project("{FAE04EC0-301F-11D3-BF4B-00C04F79EFBC}") = "AccessControl.Domain.Tests", "AccessControl.Domain.Tests\AccessControl.Domain.Tests.csproj", "{1D37CF04-02EC-497B-A7C0-2E07E7A85F71}"
EndProject
Project("{FAE04EC0-301F-11D3-BF4B-00C04F79EFBC}") = "AccessControl.Infra.CrossCutting.Common", "AccessControl.Infra.CrossCutting.Common\AccessControl.Infra.CrossCutting.Common.csproj", "{8D153CF7-C3AA-46B6-8BBE-A02A6A261057}"
EndProject
Project("{2150E333-8FDC-42A3-9474-1A3956D46DE8}") = "Adapters", "Adapters", "{4CAE2A53-7D93-42DC-B299-7627D4E96A59}"
EndProject
Project("{2150E333-8FDC-42A3-9474-1A3956D46DE8}") = "Drivers", "Drivers", "{1F193B09-274F-409C-B821-033E48649499}"
EndProject
Project("{2150E333-8FDC-42A3-9474-1A3956D46DE8}") = "WebApi", "WebApi", "{F1360572-2462-4016-9C47-23F181CE4375}"
EndProject
Project("{2150E333-8FDC-42A3-9474-1A3956D46DE8}") = "Driven", "Driven", "{2EB00DF8-9818-4239-AD05-2075FF97CE2C}"
EndProject
Project("{2150E333-8FDC-42A3-9474-1A3956D46DE8}") = "Infrastructure", "Infrastructure", "{645C8928-61A9-4AD1-BC08-96D78F20E9D0}"
EndProject
Global
	GlobalSection(SolutionConfigurationPlatforms) = preSolution
		Debug|Any CPU = Debug|Any CPU
		Release|Any CPU = Release|Any CPU
	EndGlobalSection
	GlobalSection(ProjectConfigurationPlatforms) = postSolution
		{E01C5B33-23D8-4AED-8638-984CAD50504F}.Debug|Any CPU.ActiveCfg = Debug|Any CPU
		{E01C5B33-23D8-4AED-8638-984CAD50504F}.Debug|Any CPU.Build.0 = Debug|Any CPU
		{E01C5B33-23D8-4AED-8638-984CAD50504F}.Release|Any CPU.ActiveCfg = Release|Any CPU
		{E01C5B33-23D8-4AED-8638-984CAD50504F}.Release|Any CPU.Build.0 = Release|Any CPU
		{10707817-6A20-4E94-B13F-B489027CBE8B}.Debug|Any CPU.ActiveCfg = Debug|Any CPU
		{10707817-6A20-4E94-B13F-B489027CBE8B}.Debug|Any CPU.Build.0 = Debug|Any CPU
		{10707817-6A20-4E94-B13F-B489027CBE8B}.Release|Any CPU.ActiveCfg = Release|Any CPU
		{10707817-6A20-4E94-B13F-B489027CBE8B}.Release|Any CPU.Build.0 = Release|Any CPU
		{5DCD7AEC-8048-4666-9320-21B07C1B0EC9}.Debug|Any CPU.ActiveCfg = Debug|Any CPU
		{5DCD7AEC-8048-4666-9320-21B07C1B0EC9}.Debug|Any CPU.Build.0 = Debug|Any CPU
		{5DCD7AEC-8048-4666-9320-21B07C1B0EC9}.Release|Any CPU.ActiveCfg = Release|Any CPU
		{5DCD7AEC-8048-4666-9320-21B07C1B0EC9}.Release|Any CPU.Build.0 = Release|Any CPU
		{E48BDC18-98AB-40E6-B912-340450F46952}.Debug|Any CPU.ActiveCfg = Debug|Any CPU
		{E48BDC18-98AB-40E6-B912-340450F46952}.Debug|Any CPU.Build.0 = Debug|Any CPU
		{E48BDC18-98AB-40E6-B912-340450F46952}.Release|Any CPU.ActiveCfg = Release|Any CPU
		{E48BDC18-98AB-40E6-B912-340450F46952}.Release|Any CPU.Build.0 = Release|Any CPU
		{E12B9FCA-4316-4D66-97E6-985F6AB77484}.Debug|Any CPU.ActiveCfg = Debug|Any CPU
		{E12B9FCA-4316-4D66-97E6-985F6AB77484}.Debug|Any CPU.Build.0 = Debug|Any CPU
		{E12B9FCA-4316-4D66-97E6-985F6AB77484}.Release|Any CPU.ActiveCfg = Release|Any CPU
		{E12B9FCA-4316-4D66-97E6-985F6AB77484}.Release|Any CPU.Build.0 = Release|Any CPU
		{1D37CF04-02EC-497B-A7C0-2E07E7A85F71}.Debug|Any CPU.ActiveCfg = Debug|Any CPU
		{1D37CF04-02EC-497B-A7C0-2E07E7A85F71}.Debug|Any CPU.Build.0 = Debug|Any CPU
		{1D37CF04-02EC-497B-A7C0-2E07E7A85F71}.Release|Any CPU.ActiveCfg = Release|Any CPU
		{1D37CF04-02EC-497B-A7C0-2E07E7A85F71}.Release|Any CPU.Build.0 = Release|Any CPU
		{8D153CF7-C3AA-46B6-8BBE-A02A6A261057}.Debug|Any CPU.ActiveCfg = Debug|Any CPU
		{8D153CF7-C3AA-46B6-8BBE-A02A6A261057}.Debug|Any CPU.Build.0 = Debug|Any CPU
		{8D153CF7-C3AA-46B6-8BBE-A02A6A261057}.Release|Any CPU.ActiveCfg = Release|Any CPU
		{8D153CF7-C3AA-46B6-8BBE-A02A6A261057}.Release|Any CPU.Build.0 = Release|Any CPU
	EndGlobalSection
	GlobalSection(SolutionProperties) = preSolution
		HideSolutionNode = FALSE
	EndGlobalSection
	GlobalSection(NestedProjects) = preSolution
		{E01C5B33-23D8-4AED-8638-984CAD50504F} = {F1360572-2462-4016-9C47-23F181CE4375}
		{10707817-6A20-4E94-B13F-B489027CBE8B} = {02EA681E-C7D8-13C7-8484-4AC65E1B71E8}
		{5DCD7AEC-8048-4666-9320-21B07C1B0EC9} = {02EA681E-C7D8-13C7-8484-4AC65E1B71E8}
		{E48BDC18-98AB-40E6-B912-340450F46952} = {02EA681E-C7D8-13C7-8484-4AC65E1B71E8}
		{E12B9FCA-4316-4D66-97E6-985F6AB77484} = {645C8928-61A9-4AD1-BC08-96D78F20E9D0}
		{03D0DC04-7028-4F81-8B77-EA045BCA3D32} = {02EA681E-C7D8-13C7-8484-4AC65E1B71E8}
		{1D37CF04-02EC-497B-A7C0-2E07E7A85F71} = {03D0DC04-7028-4F81-8B77-EA045BCA3D32}
		{8D153CF7-C3AA-46B6-8BBE-A02A6A261057} = {02EA681E-C7D8-13C7-8484-4AC65E1B71E8}
		{4CAE2A53-7D93-42DC-B299-7627D4E96A59} = {02EA681E-C7D8-13C7-8484-4AC65E1B71E8}
		{1F193B09-274F-409C-B821-033E48649499} = {4CAE2A53-7D93-42DC-B299-7627D4E96A59}
		{F1360572-2462-4016-9C47-23F181CE4375} = {1F193B09-274F-409C-B821-033E48649499}
		{2EB00DF8-9818-4239-AD05-2075FF97CE2C} = {4CAE2A53-7D93-42DC-B299-7627D4E96A59}
		{645C8928-61A9-4AD1-BC08-96D78F20E9D0} = {2EB00DF8-9818-4239-AD05-2075FF97CE2C}
	EndGlobalSection
	GlobalSection(ExtensibilityGlobals) = postSolution
		SolutionGuid = {18241D37-6D03-4D67-A33C-6B67410E2C2E}
	EndGlobalSection
EndGlobal
