
Microsoft Visual Studio Solution File, Format Version 12.00
# Visual Studio Version 17
VisualStudioVersion = 17.12.35417.141
MinimumVisualStudioVersion = 10.0.40219.1
Project("{FAE04EC0-301F-11D3-BF4B-00C04F79EFBC}") = "AccessControl.Api", "AccessControl.Api\AccessControl.Api.csproj", "{E01C5B33-23D8-4AED-8638-984CAD50504F}"
EndProject
Project("{FAE04EC0-301F-11D3-BF4B-00C04F79EFBC}") = "AccessControl.Application", "AccessControl.Application\AccessControl.Application.csproj", "{10707817-6A20-4E94-B13F-B489027CBE8B}"
EndProject
Project("{FAE04EC0-301F-11D3-BF4B-00C04F79EFBC}") = "AccessControl.Domain", "AccessControl.Domain\AccessControl.Domain.csproj", "{5DCD7AEC-8048-4666-9320-21B07C1B0EC9}"
EndProject
Project("{FAE04EC0-301F-11D3-BF4B-00C04F79EFBC}") = "AccessControl.Infra.CrossCutting", "AccessControl.Infra.Crosscutting\AccessControl.Infra.CrossCutting.csproj", "{E48BDC18-98AB-40E6-B912-340450F46952}"
EndProject
Project("{FAE04EC0-301F-11D3-BF4B-00C04F79EFBC}") = "AccessControl.Infra.Data", "AccessControl.Infra.Data\AccessControl.Infra.Data.csproj", "{E12B9FCA-4316-4D66-97E6-985F6AB77484}"
EndProject
Global
	GlobalSection(SolutionConfigurationPlatforms) = preSolution
		Debug|Any CPU = Debug|Any CPU
		Release|Any CPU = Release|Any CPU
	EndGlobalSection
	GlobalSection(ProjectConfigurationPlatforms) = postSolution
		{E01C5B33-23D8-4AED-8638-984CAD50504F}.Debug|Any CPU.ActiveCfg = Debug|Any CPU
		{E01C5B33-23D8-4AED-8638-984CAD50504F}.Debug|Any CPU.Build.0 = Debug|Any CPU
		{E01C5B33-23D8-4AED-8638-984CAD50504F}.Release|Any CPU.ActiveCfg = Release|Any CPU
		{E01C5B33-23D8-4AED-8638-984CAD50504F}.Release|Any CPU.Build.0 = Release|Any CPU
		{10707817-6A20-4E94-B13F-B489027CBE8B}.Debug|Any CPU.ActiveCfg = Debug|Any CPU
		{10707817-6A20-4E94-B13F-B489027CBE8B}.Debug|Any CPU.Build.0 = Debug|Any CPU
		{10707817-6A20-4E94-B13F-B489027CBE8B}.Release|Any CPU.ActiveCfg = Release|Any CPU
		{10707817-6A20-4E94-B13F-B489027CBE8B}.Release|Any CPU.Build.0 = Release|Any CPU
		{5DCD7AEC-8048-4666-9320-21B07C1B0EC9}.Debug|Any CPU.ActiveCfg = Debug|Any CPU
		{5DCD7AEC-8048-4666-9320-21B07C1B0EC9}.Debug|Any CPU.Build.0 = Debug|Any CPU
		{5DCD7AEC-8048-4666-9320-21B07C1B0EC9}.Release|Any CPU.ActiveCfg = Release|Any CPU
		{5DCD7AEC-8048-4666-9320-21B07C1B0EC9}.Release|Any CPU.Build.0 = Release|Any CPU
		{E48BDC18-98AB-40E6-B912-340450F46952}.Debug|Any CPU.ActiveCfg = Debug|Any CPU
		{E48BDC18-98AB-40E6-B912-340450F46952}.Debug|Any CPU.Build.0 = Debug|Any CPU
		{E48BDC18-98AB-40E6-B912-340450F46952}.Release|Any CPU.ActiveCfg = Release|Any CPU
		{E48BDC18-98AB-40E6-B912-340450F46952}.Release|Any CPU.Build.0 = Release|Any CPU
		{E12B9FCA-4316-4D66-97E6-985F6AB77484}.Debug|Any CPU.ActiveCfg = Debug|Any CPU
		{E12B9FCA-4316-4D66-97E6-985F6AB77484}.Debug|Any CPU.Build.0 = Debug|Any CPU
		{E12B9FCA-4316-4D66-97E6-985F6AB77484}.Release|Any CPU.ActiveCfg = Release|Any CPU
		{E12B9FCA-4316-4D66-97E6-985F6AB77484}.Release|Any CPU.Build.0 = Release|Any CPU
	EndGlobalSection
	GlobalSection(SolutionProperties) = preSolution
		HideSolutionNode = FALSE
	EndGlobalSection
	GlobalSection(ExtensibilityGlobals) = postSolution
		SolutionGuid = {18241D37-6D03-4D67-A33C-6B67410E2C2E}
	EndGlobalSection
EndGlobal
